
Microsoft Visual Studio Solution File, Format Version 12.00
# Visual Studio 15
VisualStudioVersion = 15.0.28307.572
MinimumVisualStudioVersion = 10.0.40219.1
Project("{9A19103F-16F7-4668-BE54-9A1E7A4F7556}") = "Security", "Security\Security.csproj", "{44822FF5-4923-4B4F-9BA9-0F6CF0BAEA90}"
EndProject
Project("{9A19103F-16F7-4668-BE54-9A1E7A4F7556}") = "Security.Tests", "Security.Tests\Security.Tests.csproj", "{18389BA1-5311-457E-BE77-F94ADA67B510}"
EndProject
Project("{2150E333-8FDC-42A3-9474-1A3956D46DE8}") = "Solution Items", "Solution Items", "{EADAD994-95FC-45D4-9452-9CC3F8807060}"
	ProjectSection(SolutionItems) = preProject
		..\..\README.md = ..\..\README.md
	EndProjectSection
EndProject
Global
	GlobalSection(SolutionConfigurationPlatforms) = preSolution
		Debug|Any CPU = Debug|Any CPU
		Release|Any CPU = Release|Any CPU
	EndGlobalSection
	GlobalSection(ProjectConfigurationPlatforms) = postSolution
		{44822FF5-4923-4B4F-9BA9-0F6CF0BAEA90}.Debug|Any CPU.ActiveCfg = Debug|Any CPU
		{44822FF5-4923-4B4F-9BA9-0F6CF0BAEA90}.Debug|Any CPU.Build.0 = Debug|Any CPU
		{44822FF5-4923-4B4F-9BA9-0F6CF0BAEA90}.Release|Any CPU.ActiveCfg = Release|Any CPU
		{44822FF5-4923-4B4F-9BA9-0F6CF0BAEA90}.Release|Any CPU.Build.0 = Release|Any CPU
		{18389BA1-5311-457E-BE77-F94ADA67B510}.Debug|Any CPU.ActiveCfg = Debug|Any CPU
		{18389BA1-5311-457E-BE77-F94ADA67B510}.Debug|Any CPU.Build.0 = Debug|Any CPU
		{18389BA1-5311-457E-BE77-F94ADA67B510}.Release|Any CPU.ActiveCfg = Release|Any CPU
		{18389BA1-5311-457E-BE77-F94ADA67B510}.Release|Any CPU.Build.0 = Release|Any CPU
	EndGlobalSection
	GlobalSection(SolutionProperties) = preSolution
		HideSolutionNode = FALSE
	EndGlobalSection
	GlobalSection(ExtensibilityGlobals) = postSolution
		SolutionGuid = {912A2FB9-4B77-4D97-8FFA-14B397624260}
	EndGlobalSection
EndGlobal
